# This file is automatically @generated by Cargo.
# It is not intended for manual editing.
version = 4

[[package]]
name = "use-amplitude"
version = "0.0.1"

[[package]]
name = "use-frequency"
version = "0.0.1"

[[package]]
name = "use-sample"
version = "0.0.1"

[[package]]
name = "use-signal"
version = "0.0.1"
dependencies = [
 "use-amplitude",
 "use-frequency",
 "use-sample",
 "use-signal-energy",
 "use-signal-normalize",
 "use-signal-window",
 "use-simple-filter",
 "use-zero-crossing",
]

[[package]]
name = "use-signal-energy"
version = "0.0.1"

[[package]]
name = "use-signal-normalize"
version = "0.0.1"

[[package]]
name = "use-signal-window"
version = "0.0.1"

[[package]]
name = "use-simple-filter"
version = "0.0.1"

[[package]]
name = "use-zero-crossing"
version = "0.0.1"
